
Microsoft Visual Studio Solution File, Format Version 12.00
# Visual Studio 2012
Project("{FAE04EC0-301F-11D3-BF4B-00C04F79EFBC}") = "OscarServer", "OscarServer\OscarServer.csproj", "{2493A12A-8896-4A4C-B03A-463BB09AEAB5}"
EndProject
Project("{FAE04EC0-301F-11D3-BF4B-00C04F79EFBC}") = "ManualTests", "ManualTests\ManualTests.csproj", "{BCA712F0-B1D2-4E14-A9DD-5A65FA358232}"
EndProject
Global
	GlobalSection(SolutionConfigurationPlatforms) = preSolution
		Debug|Any CPU = Debug|Any CPU
		Release|Any CPU = Release|Any CPU
	EndGlobalSection
	GlobalSection(ProjectConfigurationPlatforms) = postSolution
		{2493A12A-8896-4A4C-B03A-463BB09AEAB5}.Debug|Any CPU.ActiveCfg = Debug|Any CPU
		{2493A12A-8896-4A4C-B03A-463BB09AEAB5}.Debug|Any CPU.Build.0 = Debug|Any CPU
		{2493A12A-8896-4A4C-B03A-463BB09AEAB5}.Release|Any CPU.ActiveCfg = Release|Any CPU
		{2493A12A-8896-4A4C-B03A-463BB09AEAB5}.Release|Any CPU.Build.0 = Release|Any CPU
		{BCA712F0-B1D2-4E14-A9DD-5A65FA358232}.Debug|Any CPU.ActiveCfg = Debug|Any CPU
		{BCA712F0-B1D2-4E14-A9DD-5A65FA358232}.Debug|Any CPU.Build.0 = Debug|Any CPU
		{BCA712F0-B1D2-4E14-A9DD-5A65FA358232}.Release|Any CPU.ActiveCfg = Release|Any CPU
		{BCA712F0-B1D2-4E14-A9DD-5A65FA358232}.Release|Any CPU.Build.0 = Release|Any CPU
	EndGlobalSection
	GlobalSection(SolutionProperties) = preSolution
		HideSolutionNode = FALSE
	EndGlobalSection
EndGlobal
